uuid: 9cf8efc7-5304-40cd-8fd8-fa7b86aade82
langcode: en
status: true
dependencies:
  config:
    - block_visibility_groups.block_visibility_group.about_nfoic
  content:
    - 'block_content:basic:26a539ef-0bd0-4d18-9cc1-1cebcf634a95'
  module:
    - block_content
    - block_visibility_groups
  theme:
    - nfoic
id: twitterplaceholderblock
theme: nfoic
region: sidebar_second
weight: -4
provider: null
plugin: 'block_content:26a539ef-0bd0-4d18-9cc1-1cebcf634a95'
settings:
  id: 'block_content:26a539ef-0bd0-4d18-9cc1-1cebcf634a95'
  label: 'Twitter placeholder block'
  provider: block_content
  label_display: '0'
  status: true
  info: ''
  view_mode: full
visibility:
  condition_group:
    id: condition_group
    negate: false
    block_visibility_group: about_nfoic
    context_mapping: {  }
